{
    "_readme": [
        "This file locks the dependencies of your project to a known state",
        "Read more about it at https://getcomposer.org/doc/01-basic-usage.md#installing-dependencies",
        "This file is @generated automatically"
    ],
    "content-hash": "c52304ff17d413c653d8cd2db6b77477",
    "packages": [
        {
            "name": "econea/nusoap",
            "version": "v0.9.16",
            "source": {
                "type": "git",
                "url": "https://github.com/f00b4r/nusoap.git",
                "reference": "9ead68ec7ad8d1e14943658ce1559435247d14bf"
            },
            "dist": {
                "type": "zip",
                "url": "https://api.github.com/repos/f00b4r/nusoap/zipball/9ead68ec7ad8d1e14943658ce1559435247d14bf",
                "reference": "9ead68ec7ad8d1e14943658ce1559435247d14bf",
                "shasum": ""
            },
            "require": {
                "ext-curl": "*",
                "ext-json": "*",
                "ext-xml": "*",
                "ext-zlib": "*",
                "php": ">=5.4"
            },
            "require-dev": {
                "php-parallel-lint/php-parallel-lint": "~1.2.0"
            },
            "type": "library",
            "extra": {
                "branch-alias": {
                    "dev-master": "0.10.x-dev"
                }
            },
            "autoload": {
                "classmap": [
                    "src/"
                ]
            },
            "notification-url": "https://packagist.org/downloads/",
            "license": [
                "LGPL-2.1-or-later"
            ],
            "authors": [
                {
                    "name": "Milan Felix Šulc",
                    "homepage": "https://f3l1x.io"
                }
            ],
            "description": "Fixed NuSOAP for PHP 5.4 - 8.2",
            "homepage": "https://github.com/pwnlabs/nusoap",
            "keywords": [
                "client",
                "http",
                "nusoap",
                "php",
                "soap",
                "transport",
                "xml"
            ],
            "support": {
                "issues": "https://github.com/f00b4r/nusoap/issues",
                "source": "https://github.com/f00b4r/nusoap/tree/v0.9.16"
            },
            "funding": [
                {
                    "url": "https://github.com/f3l1x",
                    "type": "github"
                }
            ],
            "time": "2023-07-19T12:40:31+00:00"
        }
    ],
    "packages-dev": [],
    "aliases": [],
    "minimum-stability": "stable",
    "stability-flags": [],
    "prefer-stable": false,
    "prefer-lowest": false,
    "platform": [],
    "platform-dev": [],
    "plugin-api-version": "2.6.0"
}
